
Microsoft Visual Studio Solution File, Format Version 12.00
# Visual Studio Version 17
VisualStudioVersion = 17.2.32519.379
MinimumVisualStudioVersion = 10.0.40219.1
Project("{FAE04EC0-301F-11D3-BF4B-00C04F79EFBC}") = "ShoppingApp", "ShoppingApp\ShoppingApp.csproj", "{539D07C8-3922-42D2-B76A-483FF49524F0}"
EndProject
Global
	GlobalSection(SolutionConfigurationPlatforms) = preSolution
		Debug|Any CPU = Debug|Any CPU
		Release|Any CPU = Release|Any CPU
	EndGlobalSection
	GlobalSection(ProjectConfigurationPlatforms) = postSolution
		{539D07C8-3922-42D2-B76A-483FF49524F0}.Debug|Any CPU.ActiveCfg = Debug|Any CPU
		{539D07C8-3922-42D2-B76A-483FF49524F0}.Debug|Any CPU.Build.0 = Debug|Any CPU
		{539D07C8-3922-42D2-B76A-483FF49524F0}.Release|Any CPU.ActiveCfg = Release|Any CPU
		{539D07C8-3922-42D2-B76A-483FF49524F0}.Release|Any CPU.Build.0 = Release|Any CPU
	EndGlobalSection
	GlobalSection(SolutionProperties) = preSolution
		HideSolutionNode = FALSE
	EndGlobalSection
	GlobalSection(ExtensibilityGlobals) = postSolution
		SolutionGuid = {790B4DBB-789C-4A53-BDD4-0AC5117CAE9B}
	EndGlobalSection
EndGlobal
